
Microsoft Visual Studio Solution File, Format Version 12.00
# Visual Studio Version 16
VisualStudioVersion = 16.0.29521.150
MinimumVisualStudioVersion = 10.0.40219.1
Project("{FAE04EC0-301F-11D3-BF4B-00C04F79EFBC}") = "UNCCStudentIDHolder", "UNCCStudentIDHolder\UNCCStudentIDHolder.csproj", "{C8C79C6C-8BB6-4A60-B1C5-07708BAAAC31}"
EndProject
Global
	GlobalSection(SolutionConfigurationPlatforms) = preSolution
		Debug|Any CPU = Debug|Any CPU
		Release|Any CPU = Release|Any CPU
	EndGlobalSection
	GlobalSection(ProjectConfigurationPlatforms) = postSolution
		{C8C79C6C-8BB6-4A60-B1C5-07708BAAAC31}.Debug|Any CPU.ActiveCfg = Debug|Any CPU
		{C8C79C6C-8BB6-4A60-B1C5-07708BAAAC31}.Debug|Any CPU.Build.0 = Debug|Any CPU
		{C8C79C6C-8BB6-4A60-B1C5-07708BAAAC31}.Release|Any CPU.ActiveCfg = Release|Any CPU
		{C8C79C6C-8BB6-4A60-B1C5-07708BAAAC31}.Release|Any CPU.Build.0 = Release|Any CPU
	EndGlobalSection
	GlobalSection(SolutionProperties) = preSolution
		HideSolutionNode = FALSE
	EndGlobalSection
	GlobalSection(ExtensibilityGlobals) = postSolution
		SolutionGuid = {0E7415DF-4C8D-44BD-89B6-93FE5FFC880E}
	EndGlobalSection
EndGlobal
